// !$*UTF8*$!
{
	archiveVersion = 1;
	classes = {
	};
	objectVersion = 56;
	objects = {

/* Begin PBXBuildFile section */
		4948BDFC2BEE9BD100A88DA9 /* main.swift in Sources */ = {isa = PBXBuildFile; fileRef = 4948BDFB2BEE9BD100A88DA9 /* main.swift */; };
		497DDCA22BFE6FA300A30BC8 /* thirdFloor.swift in Sources */ = {isa = PBXBuildFile; fileRef = 497DDCA12BFE6FA300A30BC8 /* thirdFloor.swift */; };
		49EB59F12BFFC40E0022F35D /* fightNPC01.swift in Sources */ = {isa = PBXBuildFile; fileRef = 49EB59F02BFFC40E0022F35D /* fightNPC01.swift */; };
		49EB59F32BFFD12A0022F35D /* fightNPC02.swift in Sources */ = {isa = PBXBuildFile; fileRef = 49EB59F22BFFD12A0022F35D /* fightNPC02.swift */; };
		49FD894D2BFBE0E7006104CA /* secondFloor.swift in Sources */ = {isa = PBXBuildFile; fileRef = 49FD894C2BFBE0E7006104CA /* secondFloor.swift */; };
		49FD894F2BFBE0F2006104CA /* funcs.swift in Sources */ = {isa = PBXBuildFile; fileRef = 49FD894E2BFBE0F2006104CA /* funcs.swift */; };
		49FD89512BFBE0FD006104CA /* funcsPrints.swift in Sources */ = {isa = PBXBuildFile; fileRef = 49FD89502BFBE0FD006104CA /* funcsPrints.swift */; };
		49FD89532BFBE108006104CA /* colors.swift in Sources */ = {isa = PBXBuildFile; fileRef = 49FD89522BFBE108006104CA /* colors.swift */; };
		49FF2EBE2C04FB2900903D24 /* AAA.swift in Sources */ = {isa = PBXBuildFile; fileRef = 49FF2EBD2C04FB2900903D24 /* AAA.swift */; };
/* End PBXBuildFile section */

/* Begin PBXCopyFilesBuildPhase section */
		4948BDF62BEE9BD100A88DA9 /* CopyFiles */ = {
			isa = PBXCopyFilesBuildPhase;
			buildActionMask = 2147483647;
			dstPath = /usr/share/man/man1/;
			dstSubfolderSpec = 0;
			files = (
			);
			runOnlyForDeploymentPostprocessing = 1;
		};
/* End PBXCopyFilesBuildPhase section */

/* Begin PBXFileReference section */
		4948BDF82BEE9BD100A88DA9 /* ERRIPOEGER */ = {isa = PBXFileReference; explicitFileType = "compiled.mach-o.executable"; includeInIndex = 0; path = ERRIPOEGER; sourceTree = BUILT_PRODUCTS_DIR; };
		4948BDFB2BEE9BD100A88DA9 /* main.swift */ = {isa = PBXFileReference; lastKnownFileType = sourcecode.swift; path = main.swift; sourceTree = "<group>"; };
		497DDCA12BFE6FA300A30BC8 /* thirdFloor.swift */ = {isa = PBXFileReference; lastKnownFileType = sourcecode.swift; path = thirdFloor.swift; sourceTree = "<group>"; };
		49EB59F02BFFC40E0022F35D /* fightNPC01.swift */ = {isa = PBXFileReference; lastKnownFileType = sourcecode.swift; path = fightNPC01.swift; sourceTree = "<group>"; };
		49EB59F22BFFD12A0022F35D /* fightNPC02.swift */ = {isa = PBXFileReference; lastKnownFileType = sourcecode.swift; path = fightNPC02.swift; sourceTree = "<group>"; };
		49FD894C2BFBE0E7006104CA /* secondFloor.swift */ = {isa = PBXFileReference; lastKnownFileType = sourcecode.swift; path = secondFloor.swift; sourceTree = "<group>"; };
		49FD894E2BFBE0F2006104CA /* funcs.swift */ = {isa = PBXFileReference; lastKnownFileType = sourcecode.swift; path = funcs.swift; sourceTree = "<group>"; };
		49FD89502BFBE0FD006104CA /* funcsPrints.swift */ = {isa = PBXFileReference; lastKnownFileType = sourcecode.swift; path = funcsPrints.swift; sourceTree = "<group>"; };
		49FD89522BFBE108006104CA /* colors.swift */ = {isa = PBXFileReference; lastKnownFileType = sourcecode.swift; path = colors.swift; sourceTree = "<group>"; };
		49FF2EBD2C04FB2900903D24 /* AAA.swift */ = {isa = PBXFileReference; lastKnownFileType = sourcecode.swift; path = AAA.swift; sourceTree = "<group>"; };
/* End PBXFileReference section */

/* Begin PBXFrameworksBuildPhase section */
		4948BDF52BEE9BD100A88DA9 /* Frameworks */ = {
			isa = PBXFrameworksBuildPhase;
			buildActionMask = 2147483647;
			files = (
			);
			runOnlyForDeploymentPostprocessing = 0;
		};
/* End PBXFrameworksBuildPhase section */

/* Begin PBXGroup section */
		4948BDEF2BEE9BD100A88DA9 = {
			isa = PBXGroup;
			children = (
				49FF2EBD2C04FB2900903D24 /* AAA.swift */,
				4948BDFA2BEE9BD100A88DA9 /* ERRIPOEGER */,
				4948BDF92BEE9BD100A88DA9 /* Products */,
			);
			sourceTree = "<group>";
		};
		4948BDF92BEE9BD100A88DA9 /* Products */ = {
			isa = PBXGroup;
			children = (
				4948BDF82BEE9BD100A88DA9 /* ERRIPOEGER */,
			);
			name = Products;
			sourceTree = "<group>";
		};
		4948BDFA2BEE9BD100A88DA9 /* ERRIPOEGER */ = {
			isa = PBXGroup;
			children = (
				49FD894E2BFBE0F2006104CA /* funcs.swift */,
				49FD89502BFBE0FD006104CA /* funcsPrints.swift */,
				4948BDFB2BEE9BD100A88DA9 /* main.swift */,
				49FD894C2BFBE0E7006104CA /* secondFloor.swift */,
				497DDCA12BFE6FA300A30BC8 /* thirdFloor.swift */,
				49FD89522BFBE108006104CA /* colors.swift */,
				49EB59F02BFFC40E0022F35D /* fightNPC01.swift */,
				49EB59F22BFFD12A0022F35D /* fightNPC02.swift */,
			);
			path = ERRIPOEGER;
			sourceTree = "<group>";
		};
/* End PBXGroup section */

/* Begin PBXNativeTarget section */
		4948BDF72BEE9BD100A88DA9 /* ERRIPOEGER */ = {
			isa = PBXNativeTarget;
			buildConfigurationList = 4948BDFF2BEE9BD100A88DA9 /* Build configuration list for PBXNativeTarget "ERRIPOEGER" */;
			buildPhases = (
				4948BDF42BEE9BD100A88DA9 /* Sources */,
				4948BDF52BEE9BD100A88DA9 /* Frameworks */,
				4948BDF62BEE9BD100A88DA9 /* CopyFiles */,
			);
			buildRules = (
			);
			dependencies = (
			);
			name = ERRIPOEGER;
			productName = ERRIPOEGER;
			productReference = 4948BDF82BEE9BD100A88DA9 /* ERRIPOEGER */;
			productType = "com.apple.product-type.tool";
		};
/* End PBXNativeTarget section */

/* Begin PBXProject section */
		4948BDF02BEE9BD100A88DA9 /* Project object */ = {
			isa = PBXProject;
			attributes = {
				BuildIndependentTargetsInParallel = 1;
				LastSwiftUpdateCheck = 1520;
				LastUpgradeCheck = 1520;
				TargetAttributes = {
					4948BDF72BEE9BD100A88DA9 = {
						CreatedOnToolsVersion = 15.2;
					};
				};
			};
			buildConfigurationList = 4948BDF32BEE9BD100A88DA9 /* Build configuration list for PBXProject "ERRIPOEGER" */;
			compatibilityVersion = "Xcode 14.0";
			developmentRegion = en;
			hasScannedForEncodings = 0;
			knownRegions = (
				en,
				Base,
			);
			mainGroup = 4948BDEF2BEE9BD100A88DA9;
			productRefGroup = 4948BDF92BEE9BD100A88DA9 /* Products */;
			projectDirPath = "";
			projectRoot = "";
			targets = (
				4948BDF72BEE9BD100A88DA9 /* ERRIPOEGER */,
			);
		};
/* End PBXProject section */

/* Begin PBXSourcesBuildPhase section */
		4948BDF42BEE9BD100A88DA9 /* Sources */ = {
			isa = PBXSourcesBuildPhase;
			buildActionMask = 2147483647;
			files = (
				49EB59F32BFFD12A0022F35D /* fightNPC02.swift in Sources */,
				49FD894D2BFBE0E7006104CA /* secondFloor.swift in Sources */,
				49FD89532BFBE108006104CA /* colors.swift in Sources */,
				49FD894F2BFBE0F2006104CA /* funcs.swift in Sources */,
				4948BDFC2BEE9BD100A88DA9 /* main.swift in Sources */,
				497DDCA22BFE6FA300A30BC8 /* thirdFloor.swift in Sources */,
				49EB59F12BFFC40E0022F35D /* fightNPC01.swift in Sources */,
				49FF2EBE2C04FB2900903D24 /* AAA.swift in Sources */,
				49FD89512BFBE0FD006104CA /* funcsPrints.swift in Sources */,
			);
			runOnlyForDeploymentPostprocessing = 0;
		};
/* End PBXSourcesBuildPhase section */

/* Begin XCBuildConfiguration section */
		4948BDFD2BEE9BD100A88DA9 /* Debug */ = {
			isa = XCBuildConfiguration;
			buildSettings = {
				ALWAYS_SEARCH_USER_PATHS = NO;
				ASSETCATALOG_COMPILER_GENERATE_SWIFT_ASSET_SYMBOL_EXTENSIONS = YES;
				CLANG_ANALYZER_NONNULL = YES;
				CLANG_ANALYZER_NUMBER_OBJECT_CONVERSION = YES_AGGRESSIVE;
				CLANG_CXX_LANGUAGE_STANDARD = "gnu++20";
				CLANG_ENABLE_MODULES = YES;
				CLANG_ENABLE_OBJC_ARC = YES;
				CLANG_ENABLE_OBJC_WEAK = YES;
				CLANG_WARN_BLOCK_CAPTURE_AUTORELEASING = YES;
				CLANG_WARN_BOOL_CONVERSION = YES;
				CLANG_WARN_COMMA = YES;
				CLANG_WARN_CONSTANT_CONVERSION = YES;
				CLANG_WARN_DEPRECATED_OBJC_IMPLEMENTATIONS = YES;
				CLANG_WARN_DIRECT_OBJC_ISA_USAGE = YES_ERROR;
				CLANG_WARN_DOCUMENTATION_COMMENTS = YES;
				CLANG_WARN_EMPTY_BODY = YES;
				CLANG_WARN_ENUM_CONVERSION = YES;
				CLANG_WARN_INFINITE_RECURSION = YES;
				CLANG_WARN_INT_CONVERSION = YES;
				CLANG_WARN_NON_LITERAL_NULL_CONVERSION = YES;
				CLANG_WARN_OBJC_IMPLICIT_RETAIN_SELF = YES;
				CLANG_WARN_OBJC_LITERAL_CONVERSION = YES;
				CLANG_WARN_OBJC_ROOT_CLASS = YES_ERROR;
				CLANG_WARN_QUOTED_INCLUDE_IN_FRAMEWORK_HEADER = YES;
				CLANG_WARN_RANGE_LOOP_ANALYSIS = YES;
				CLANG_WARN_STRICT_PROTOTYPES = YES;
				CLANG_WARN_SUSPICIOUS_MOVE = YES;
				CLANG_WARN_UNGUARDED_AVAILABILITY = YES_AGGRESSIVE;
				CLANG_WARN_UNREACHABLE_CODE = YES;
				CLANG_WARN__DUPLICATE_METHOD_MATCH = YES;
				COPY_PHASE_STRIP = NO;
				DEBUG_INFORMATION_FORMAT = dwarf;
				ENABLE_STRICT_OBJC_MSGSEND = YES;
				ENABLE_TESTABILITY = YES;
				ENABLE_USER_SCRIPT_SANDBOXING = YES;
				GCC_C_LANGUAGE_STANDARD = gnu17;
				GCC_DYNAMIC_NO_PIC = NO;
				GCC_NO_COMMON_BLOCKS = YES;
				GCC_OPTIMIZATION_LEVEL = 0;
				GCC_PREPROCESSOR_DEFINITIONS = (
					"DEBUG=1",
					"$(inherited)",
				);
				GCC_WARN_64_TO_32_BIT_CONVERSION = YES;
				GCC_WARN_ABOUT_RETURN_TYPE = YES_ERROR;
				GCC_WARN_UNDECLARED_SELECTOR = YES;
				GCC_WARN_UNINITIALIZED_AUTOS = YES_AGGRESSIVE;
				GCC_WARN_UNUSED_FUNCTION = YES;
				GCC_WARN_UNUSED_VARIABLE = YES;
				LOCALIZATION_PREFERS_STRING_CATALOGS = YES;
				MACOSX_DEPLOYMENT_TARGET = 14.2;
				MTL_ENABLE_DEBUG_INFO = INCLUDE_SOURCE;
				MTL_FAST_MATH = YES;
				ONLY_ACTIVE_ARCH = YES;
				SDKROOT = macosx;
				SWIFT_ACTIVE_COMPILATION_CONDITIONS = "DEBUG $(inherited)";
				SWIFT_OPTIMIZATION_LEVEL = "-Onone";
			};
			name = Debug;
		};
		4948BDFE2BEE9BD100A88DA9 /* Release */ = {
			isa = XCBuildConfiguration;
			buildSettings = {
				ALWAYS_SEARCH_USER_PATHS = NO;
				ASSETCATALOG_COMPILER_GENERATE_SWIFT_ASSET_SYMBOL_EXTENSIONS = YES;
				CLANG_ANALYZER_NONNULL = YES;
				CLANG_ANALYZER_NUMBER_OBJECT_CONVERSION = YES_AGGRESSIVE;
				CLANG_CXX_LANGUAGE_STANDARD = "gnu++20";
				CLANG_ENABLE_MODULES = YES;
				CLANG_ENABLE_OBJC_ARC = YES;
				CLANG_ENABLE_OBJC_WEAK = YES;
				CLANG_WARN_BLOCK_CAPTURE_AUTORELEASING = YES;
				CLANG_WARN_BOOL_CONVERSION = YES;
				CLANG_WARN_COMMA = YES;
				CLANG_WARN_CONSTANT_CONVERSION = YES;
				CLANG_WARN_DEPRECATED_OBJC_IMPLEMENTATIONS = YES;
				CLANG_WARN_DIRECT_OBJC_ISA_USAGE = YES_ERROR;
				CLANG_WARN_DOCUMENTATION_COMMENTS = YES;
				CLANG_WARN_EMPTY_BODY = YES;
				CLANG_WARN_ENUM_CONVERSION = YES;
				CLANG_WARN_INFINITE_RECURSION = YES;
				CLANG_WARN_INT_CONVERSION = YES;
				CLANG_WARN_NON_LITERAL_NULL_CONVERSION = YES;
				CLANG_WARN_OBJC_IMPLICIT_RETAIN_SELF = YES;
				CLANG_WARN_OBJC_LITERAL_CONVERSION = YES;
				CLANG_WARN_OBJC_ROOT_CLASS = YES_ERROR;
				CLANG_WARN_QUOTED_INCLUDE_IN_FRAMEWORK_HEADER = YES;
				CLANG_WARN_RANGE_LOOP_ANALYSIS = YES;
				CLANG_WARN_STRICT_PROTOTYPES = YES;
				CLANG_WARN_SUSPICIOUS_MOVE = YES;
				CLANG_WARN_UNGUARDED_AVAILABILITY = YES_AGGRESSIVE;
				CLANG_WARN_UNREACHABLE_CODE = YES;
				CLANG_WARN__DUPLICATE_METHOD_MATCH = YES;
				COPY_PHASE_STRIP = NO;
				DEBUG_INFORMATION_FORMAT = "dwarf-with-dsym";
				ENABLE_NS_ASSERTIONS = NO;
				ENABLE_STRICT_OBJC_MSGSEND = YES;
				ENABLE_USER_SCRIPT_SANDBOXING = YES;
				GCC_C_LANGUAGE_STANDARD = gnu17;
				GCC_NO_COMMON_BLOCKS = YES;
				GCC_WARN_64_TO_32_BIT_CONVERSION = YES;
				GCC_WARN_ABOUT_RETURN_TYPE = YES_ERROR;
				GCC_WARN_UNDECLARED_SELECTOR = YES;
				GCC_WARN_UNINITIALIZED_AUTOS = YES_AGGRESSIVE;
				GCC_WARN_UNUSED_FUNCTION = YES;
				GCC_WARN_UNUSED_VARIABLE = YES;
				LOCALIZATION_PREFERS_STRING_CATALOGS = YES;
				MACOSX_DEPLOYMENT_TARGET = 14.2;
				MTL_ENABLE_DEBUG_INFO = NO;
				MTL_FAST_MATH = YES;
				SDKROOT = macosx;
				SWIFT_COMPILATION_MODE = wholemodule;
			};
			name = Release;
		};
		4948BE002BEE9BD100A88DA9 /* Debug */ = {
			isa = XCBuildConfiguration;
			buildSettings = {
				CODE_SIGN_STYLE = Automatic;
				PRODUCT_NAME = "$(TARGET_NAME)";
				SWIFT_VERSION = 5.0;
			};
			name = Debug;
		};
		4948BE012BEE9BD100A88DA9 /* Release */ = {
			isa = XCBuildConfiguration;
			buildSettings = {
				CODE_SIGN_STYLE = Automatic;
				PRODUCT_NAME = "$(TARGET_NAME)";
				SWIFT_VERSION = 5.0;
			};
			name = Release;
		};
/* End XCBuildConfiguration section */

/* Begin XCConfigurationList section */
		4948BDF32BEE9BD100A88DA9 /* Build configuration list for PBXProject "ERRIPOEGER" */ = {
			isa = XCConfigurationList;
			buildConfigurations = (
				4948BDFD2BEE9BD100A88DA9 /* Debug */,
				4948BDFE2BEE9BD100A88DA9 /* Release */,
			);
			defaultConfigurationIsVisible = 0;
			defaultConfigurationName = Release;
		};
		4948BDFF2BEE9BD100A88DA9 /* Build configuration list for PBXNativeTarget "ERRIPOEGER" */ = {
			isa = XCConfigurationList;
			buildConfigurations = (
				4948BE002BEE9BD100A88DA9 /* Debug */,
				4948BE012BEE9BD100A88DA9 /* Release */,
			);
			defaultConfigurationIsVisible = 0;
			defaultConfigurationName = Release;
		};
/* End XCConfigurationList section */
	};
	rootObject = 4948BDF02BEE9BD100A88DA9 /* Project object */;
}
